
Microsoft Visual Studio Solution File, Format Version 12.00
# Visual Studio 2013
VisualStudioVersion = 12.0.21005.1
MinimumVisualStudioVersion = 10.0.40219.1
Project("{FAE04EC0-301F-11D3-BF4B-00C04F79EFBC}") = "PM.Web", "PM.Web\PM.Web.csproj", "{FA0DDC6F-5AD3-4125-AA7A-1D2E87BEDC4C}"
EndProject
Project("{FAE04EC0-301F-11D3-BF4B-00C04F79EFBC}") = "PM.Data", "PM.Data\PM.Data.csproj", "{9BD3666B-7BE9-42C1-B316-BCD3CE52192C}"
EndProject
Project("{FAE04EC0-301F-11D3-BF4B-00C04F79EFBC}") = "PM.Common", "PM.Common\PM.Common.csproj", "{A4CDBF26-2EED-4F4E-B23E-229E42AE590B}"
EndProject
Project("{FAE04EC0-301F-11D3-BF4B-00C04F79EFBC}") = "PM.Config", "PM.Config\PM.Config.csproj", "{F0BAAC8E-982C-4EFE-88F9-9E1FE09BD73B}"
EndProject
Project("{FAE04EC0-301F-11D3-BF4B-00C04F79EFBC}") = "PM.Data.SqlServer", "PM.Data.SqlServer\PM.Data.SqlServer.csproj", "{F1A79257-1179-45FD-8D90-4EB6AE4A16D0}"
EndProject
Project("{FAE04EC0-301F-11D3-BF4B-00C04F79EFBC}") = "PM.Business", "PM.Business\PM.Business.csproj", "{34C31EC1-10E7-4FEC-A346-AB1DE515B914}"
EndProject
Project("{FAE04EC0-301F-11D3-BF4B-00C04F79EFBC}") = "PM.Entity", "PM.Entity\PM.Entity.csproj", "{FFAC468F-9EDD-4BE0-B49F-7520E29E6261}"
EndProject
Project("{FAE04EC0-301F-11D3-BF4B-00C04F79EFBC}") = "PM.Control", "PM.Control\PM.Control.csproj", "{ED5720C7-2236-4967-8237-CA3468C2A9A2}"
EndProject
Project("{FAE04EC0-301F-11D3-BF4B-00C04F79EFBC}") = "PM.Cache", "PM.Cache\PM.Cache.csproj", "{A4E1E6F2-9A73-4C03-91CE-C27521FE924C}"
EndProject
Project("{FAE04EC0-301F-11D3-BF4B-00C04F79EFBC}") = "DBWinService", "DBWinService\DBWinService.csproj", "{713946EA-7BED-40AD-AB5F-83397CBEA8F9}"
EndProject
Project("{54435603-DBB4-11D2-8724-00A0C9A8B90C}") = "DBWinServiceSetup", "DBWinServiceSetup\DBWinServiceSetup.vdproj", "{F3457AF1-0F92-43F4-8961-1F59215A032D}"
EndProject
Global
	GlobalSection(SubversionScc) = preSolution
		Svn-Managed = True
		Manager = AnkhSVN - Subversion Support for Visual Studio
	EndGlobalSection
	GlobalSection(SolutionConfigurationPlatforms) = preSolution
		Debug|Any CPU = Debug|Any CPU
		Debug|Mixed Platforms = Debug|Mixed Platforms
		Debug|x86 = Debug|x86
		Release|Any CPU = Release|Any CPU
		Release|Mixed Platforms = Release|Mixed Platforms
		Release|x86 = Release|x86
	EndGlobalSection
	GlobalSection(ProjectConfigurationPlatforms) = postSolution
		{FA0DDC6F-5AD3-4125-AA7A-1D2E87BEDC4C}.Debug|Any CPU.ActiveCfg = Debug|Any CPU
		{FA0DDC6F-5AD3-4125-AA7A-1D2E87BEDC4C}.Debug|Any CPU.Build.0 = Debug|Any CPU
		{FA0DDC6F-5AD3-4125-AA7A-1D2E87BEDC4C}.Debug|Mixed Platforms.ActiveCfg = Debug|Any CPU
		{FA0DDC6F-5AD3-4125-AA7A-1D2E87BEDC4C}.Debug|Mixed Platforms.Build.0 = Debug|Any CPU
		{FA0DDC6F-5AD3-4125-AA7A-1D2E87BEDC4C}.Debug|x86.ActiveCfg = Debug|Any CPU
		{FA0DDC6F-5AD3-4125-AA7A-1D2E87BEDC4C}.Release|Any CPU.ActiveCfg = Release|Any CPU
		{FA0DDC6F-5AD3-4125-AA7A-1D2E87BEDC4C}.Release|Any CPU.Build.0 = Release|Any CPU
		{FA0DDC6F-5AD3-4125-AA7A-1D2E87BEDC4C}.Release|Mixed Platforms.ActiveCfg = Release|Any CPU
		{FA0DDC6F-5AD3-4125-AA7A-1D2E87BEDC4C}.Release|Mixed Platforms.Build.0 = Release|Any CPU
		{FA0DDC6F-5AD3-4125-AA7A-1D2E87BEDC4C}.Release|x86.ActiveCfg = Release|Any CPU
		{9BD3666B-7BE9-42C1-B316-BCD3CE52192C}.Debug|Any CPU.ActiveCfg = Debug|Any CPU
		{9BD3666B-7BE9-42C1-B316-BCD3CE52192C}.Debug|Any CPU.Build.0 = Debug|Any CPU
		{9BD3666B-7BE9-42C1-B316-BCD3CE52192C}.Debug|Mixed Platforms.ActiveCfg = Debug|Any CPU
		{9BD3666B-7BE9-42C1-B316-BCD3CE52192C}.Debug|Mixed Platforms.Build.0 = Debug|Any CPU
		{9BD3666B-7BE9-42C1-B316-BCD3CE52192C}.Debug|x86.ActiveCfg = Debug|Any CPU
		{9BD3666B-7BE9-42C1-B316-BCD3CE52192C}.Release|Any CPU.ActiveCfg = Release|Any CPU
		{9BD3666B-7BE9-42C1-B316-BCD3CE52192C}.Release|Any CPU.Build.0 = Release|Any CPU
		{9BD3666B-7BE9-42C1-B316-BCD3CE52192C}.Release|Mixed Platforms.ActiveCfg = Release|Any CPU
		{9BD3666B-7BE9-42C1-B316-BCD3CE52192C}.Release|Mixed Platforms.Build.0 = Release|Any CPU
		{9BD3666B-7BE9-42C1-B316-BCD3CE52192C}.Release|x86.ActiveCfg = Release|Any CPU
		{A4CDBF26-2EED-4F4E-B23E-229E42AE590B}.Debug|Any CPU.ActiveCfg = Debug|Any CPU
		{A4CDBF26-2EED-4F4E-B23E-229E42AE590B}.Debug|Any CPU.Build.0 = Debug|Any CPU
		{A4CDBF26-2EED-4F4E-B23E-229E42AE590B}.Debug|Mixed Platforms.ActiveCfg = Debug|Any CPU
		{A4CDBF26-2EED-4F4E-B23E-229E42AE590B}.Debug|Mixed Platforms.Build.0 = Debug|Any CPU
		{A4CDBF26-2EED-4F4E-B23E-229E42AE590B}.Debug|x86.ActiveCfg = Debug|Any CPU
		{A4CDBF26-2EED-4F4E-B23E-229E42AE590B}.Release|Any CPU.ActiveCfg = Release|Any CPU
		{A4CDBF26-2EED-4F4E-B23E-229E42AE590B}.Release|Any CPU.Build.0 = Release|Any CPU
		{A4CDBF26-2EED-4F4E-B23E-229E42AE590B}.Release|Mixed Platforms.ActiveCfg = Release|Any CPU
		{A4CDBF26-2EED-4F4E-B23E-229E42AE590B}.Release|Mixed Platforms.Build.0 = Release|Any CPU
		{A4CDBF26-2EED-4F4E-B23E-229E42AE590B}.Release|x86.ActiveCfg = Release|Any CPU
		{F0BAAC8E-982C-4EFE-88F9-9E1FE09BD73B}.Debug|Any CPU.ActiveCfg = Debug|Any CPU
		{F0BAAC8E-982C-4EFE-88F9-9E1FE09BD73B}.Debug|Any CPU.Build.0 = Debug|Any CPU
		{F0BAAC8E-982C-4EFE-88F9-9E1FE09BD73B}.Debug|Mixed Platforms.ActiveCfg = Debug|Any CPU
		{F0BAAC8E-982C-4EFE-88F9-9E1FE09BD73B}.Debug|Mixed Platforms.Build.0 = Debug|Any CPU
		{F0BAAC8E-982C-4EFE-88F9-9E1FE09BD73B}.Debug|x86.ActiveCfg = Debug|Any CPU
		{F0BAAC8E-982C-4EFE-88F9-9E1FE09BD73B}.Release|Any CPU.ActiveCfg = Release|Any CPU
		{F0BAAC8E-982C-4EFE-88F9-9E1FE09BD73B}.Release|Any CPU.Build.0 = Release|Any CPU
		{F0BAAC8E-982C-4EFE-88F9-9E1FE09BD73B}.Release|Mixed Platforms.ActiveCfg = Release|Any CPU
		{F0BAAC8E-982C-4EFE-88F9-9E1FE09BD73B}.Release|Mixed Platforms.Build.0 = Release|Any CPU
		{F0BAAC8E-982C-4EFE-88F9-9E1FE09BD73B}.Release|x86.ActiveCfg = Release|Any CPU
		{F1A79257-1179-45FD-8D90-4EB6AE4A16D0}.Debug|Any CPU.ActiveCfg = Debug|Any CPU
		{F1A79257-1179-45FD-8D90-4EB6AE4A16D0}.Debug|Any CPU.Build.0 = Debug|Any CPU
		{F1A79257-1179-45FD-8D90-4EB6AE4A16D0}.Debug|Mixed Platforms.ActiveCfg = Debug|Any CPU
		{F1A79257-1179-45FD-8D90-4EB6AE4A16D0}.Debug|Mixed Platforms.Build.0 = Debug|Any CPU
		{F1A79257-1179-45FD-8D90-4EB6AE4A16D0}.Debug|x86.ActiveCfg = Debug|Any CPU
		{F1A79257-1179-45FD-8D90-4EB6AE4A16D0}.Release|Any CPU.ActiveCfg = Release|Any CPU
		{F1A79257-1179-45FD-8D90-4EB6AE4A16D0}.Release|Any CPU.Build.0 = Release|Any CPU
		{F1A79257-1179-45FD-8D90-4EB6AE4A16D0}.Release|Mixed Platforms.ActiveCfg = Release|Any CPU
		{F1A79257-1179-45FD-8D90-4EB6AE4A16D0}.Release|Mixed Platforms.Build.0 = Release|Any CPU
		{F1A79257-1179-45FD-8D90-4EB6AE4A16D0}.Release|x86.ActiveCfg = Release|Any CPU
		{34C31EC1-10E7-4FEC-A346-AB1DE515B914}.Debug|Any CPU.ActiveCfg = Debug|Any CPU
		{34C31EC1-10E7-4FEC-A346-AB1DE515B914}.Debug|Any CPU.Build.0 = Debug|Any CPU
		{34C31EC1-10E7-4FEC-A346-AB1DE515B914}.Debug|Mixed Platforms.ActiveCfg = Debug|Any CPU
		{34C31EC1-10E7-4FEC-A346-AB1DE515B914}.Debug|Mixed Platforms.Build.0 = Debug|Any CPU
		{34C31EC1-10E7-4FEC-A346-AB1DE515B914}.Debug|x86.ActiveCfg = Debug|Any CPU
		{34C31EC1-10E7-4FEC-A346-AB1DE515B914}.Release|Any CPU.ActiveCfg = Release|Any CPU
		{34C31EC1-10E7-4FEC-A346-AB1DE515B914}.Release|Any CPU.Build.0 = Release|Any CPU
		{34C31EC1-10E7-4FEC-A346-AB1DE515B914}.Release|Mixed Platforms.ActiveCfg = Release|Any CPU
		{34C31EC1-10E7-4FEC-A346-AB1DE515B914}.Release|Mixed Platforms.Build.0 = Release|Any CPU
		{34C31EC1-10E7-4FEC-A346-AB1DE515B914}.Release|x86.ActiveCfg = Release|Any CPU
		{FFAC468F-9EDD-4BE0-B49F-7520E29E6261}.Debug|Any CPU.ActiveCfg = Debug|Any CPU
		{FFAC468F-9EDD-4BE0-B49F-7520E29E6261}.Debug|Any CPU.Build.0 = Debug|Any CPU
		{FFAC468F-9EDD-4BE0-B49F-7520E29E6261}.Debug|Mixed Platforms.ActiveCfg = Debug|Any CPU
		{FFAC468F-9EDD-4BE0-B49F-7520E29E6261}.Debug|Mixed Platforms.Build.0 = Debug|Any CPU
		{FFAC468F-9EDD-4BE0-B49F-7520E29E6261}.Debug|x86.ActiveCfg = Debug|Any CPU
		{FFAC468F-9EDD-4BE0-B49F-7520E29E6261}.Release|Any CPU.ActiveCfg = Release|Any CPU
		{FFAC468F-9EDD-4BE0-B49F-7520E29E6261}.Release|Any CPU.Build.0 = Release|Any CPU
		{FFAC468F-9EDD-4BE0-B49F-7520E29E6261}.Release|Mixed Platforms.ActiveCfg = Release|Any CPU
		{FFAC468F-9EDD-4BE0-B49F-7520E29E6261}.Release|Mixed Platforms.Build.0 = Release|Any CPU
		{FFAC468F-9EDD-4BE0-B49F-7520E29E6261}.Release|x86.ActiveCfg = Release|Any CPU
		{ED5720C7-2236-4967-8237-CA3468C2A9A2}.Debug|Any CPU.ActiveCfg = Debug|Any CPU
		{ED5720C7-2236-4967-8237-CA3468C2A9A2}.Debug|Any CPU.Build.0 = Debug|Any CPU
		{ED5720C7-2236-4967-8237-CA3468C2A9A2}.Debug|Mixed Platforms.ActiveCfg = Debug|Any CPU
		{ED5720C7-2236-4967-8237-CA3468C2A9A2}.Debug|Mixed Platforms.Build.0 = Debug|Any CPU
		{ED5720C7-2236-4967-8237-CA3468C2A9A2}.Debug|x86.ActiveCfg = Debug|Any CPU
		{ED5720C7-2236-4967-8237-CA3468C2A9A2}.Release|Any CPU.ActiveCfg = Release|Any CPU
		{ED5720C7-2236-4967-8237-CA3468C2A9A2}.Release|Any CPU.Build.0 = Release|Any CPU
		{ED5720C7-2236-4967-8237-CA3468C2A9A2}.Release|Mixed Platforms.ActiveCfg = Release|Any CPU
		{ED5720C7-2236-4967-8237-CA3468C2A9A2}.Release|Mixed Platforms.Build.0 = Release|Any CPU
		{ED5720C7-2236-4967-8237-CA3468C2A9A2}.Release|x86.ActiveCfg = Release|Any CPU
		{A4E1E6F2-9A73-4C03-91CE-C27521FE924C}.Debug|Any CPU.ActiveCfg = Debug|Any CPU
		{A4E1E6F2-9A73-4C03-91CE-C27521FE924C}.Debug|Any CPU.Build.0 = Debug|Any CPU
		{A4E1E6F2-9A73-4C03-91CE-C27521FE924C}.Debug|Mixed Platforms.ActiveCfg = Debug|Any CPU
		{A4E1E6F2-9A73-4C03-91CE-C27521FE924C}.Debug|Mixed Platforms.Build.0 = Debug|Any CPU
		{A4E1E6F2-9A73-4C03-91CE-C27521FE924C}.Debug|x86.ActiveCfg = Debug|Any CPU
		{A4E1E6F2-9A73-4C03-91CE-C27521FE924C}.Release|Any CPU.ActiveCfg = Release|Any CPU
		{A4E1E6F2-9A73-4C03-91CE-C27521FE924C}.Release|Any CPU.Build.0 = Release|Any CPU
		{A4E1E6F2-9A73-4C03-91CE-C27521FE924C}.Release|Mixed Platforms.ActiveCfg = Release|Any CPU
		{A4E1E6F2-9A73-4C03-91CE-C27521FE924C}.Release|Mixed Platforms.Build.0 = Release|Any CPU
		{A4E1E6F2-9A73-4C03-91CE-C27521FE924C}.Release|x86.ActiveCfg = Release|Any CPU
		{713946EA-7BED-40AD-AB5F-83397CBEA8F9}.Debug|Any CPU.ActiveCfg = Debug|x86
		{713946EA-7BED-40AD-AB5F-83397CBEA8F9}.Debug|Any CPU.Build.0 = Debug|x86
		{713946EA-7BED-40AD-AB5F-83397CBEA8F9}.Debug|Mixed Platforms.ActiveCfg = Debug|x86
		{713946EA-7BED-40AD-AB5F-83397CBEA8F9}.Debug|Mixed Platforms.Build.0 = Debug|x86
		{713946EA-7BED-40AD-AB5F-83397CBEA8F9}.Debug|x86.ActiveCfg = Debug|x86
		{713946EA-7BED-40AD-AB5F-83397CBEA8F9}.Debug|x86.Build.0 = Debug|x86
		{713946EA-7BED-40AD-AB5F-83397CBEA8F9}.Release|Any CPU.ActiveCfg = Release|x86
		{713946EA-7BED-40AD-AB5F-83397CBEA8F9}.Release|Mixed Platforms.ActiveCfg = Release|x86
		{713946EA-7BED-40AD-AB5F-83397CBEA8F9}.Release|Mixed Platforms.Build.0 = Release|x86
		{713946EA-7BED-40AD-AB5F-83397CBEA8F9}.Release|x86.ActiveCfg = Release|x86
		{713946EA-7BED-40AD-AB5F-83397CBEA8F9}.Release|x86.Build.0 = Release|x86
		{F3457AF1-0F92-43F4-8961-1F59215A032D}.Debug|Any CPU.ActiveCfg = Debug
		{F3457AF1-0F92-43F4-8961-1F59215A032D}.Debug|Mixed Platforms.ActiveCfg = Debug
		{F3457AF1-0F92-43F4-8961-1F59215A032D}.Debug|x86.ActiveCfg = Debug
		{F3457AF1-0F92-43F4-8961-1F59215A032D}.Release|Any CPU.ActiveCfg = Release
		{F3457AF1-0F92-43F4-8961-1F59215A032D}.Release|Mixed Platforms.ActiveCfg = Release
		{F3457AF1-0F92-43F4-8961-1F59215A032D}.Release|x86.ActiveCfg = Release
	EndGlobalSection
	GlobalSection(SolutionProperties) = preSolution
		HideSolutionNode = FALSE
	EndGlobalSection
EndGlobal
